
Microsoft Visual Studio Solution File, Format Version 12.00
# Visual Studio Version 17
VisualStudioVersion = 17.8.34330.188
MinimumVisualStudioVersion = 10.0.40219.1
Project("{FAE04EC0-301F-11D3-BF4B-00C04F79EFBC}") = "Лб1", "Лб1\Лб1.csproj", "{0B2D4693-1FA2-49C6-9635-A98E2AF29523}"
EndProject
Global
	GlobalSection(SolutionConfigurationPlatforms) = preSolution
		Debug|Any CPU = Debug|Any CPU
		Release|Any CPU = Release|Any CPU
	EndGlobalSection
	GlobalSection(ProjectConfigurationPlatforms) = postSolution
		{0B2D4693-1FA2-49C6-9635-A98E2AF29523}.Debug|Any CPU.ActiveCfg = Debug|Any CPU
		{0B2D4693-1FA2-49C6-9635-A98E2AF29523}.Debug|Any CPU.Build.0 = Debug|Any CPU
		{0B2D4693-1FA2-49C6-9635-A98E2AF29523}.Release|Any CPU.ActiveCfg = Release|Any CPU
		{0B2D4693-1FA2-49C6-9635-A98E2AF29523}.Release|Any CPU.Build.0 = Release|Any CPU
	EndGlobalSection
	GlobalSection(SolutionProperties) = preSolution
		HideSolutionNode = FALSE
	EndGlobalSection
	GlobalSection(ExtensibilityGlobals) = postSolution
		SolutionGuid = {DBC72209-F272-4180-9574-69302D3A6167}
	EndGlobalSection
EndGlobal
